{
  "originHash" : "ff01b6dd990f4849b1b37987a630641440fca0398f17ec77dd1779fc777064f4",
  "pins" : [
    {
      "identity" : "swift-mcp-kit",
      "kind" : "remoteSourceControl",
      "location" : "https://github.com/mgcrea/swift-mcp-kit.git",
      "state" : {
        "revision" : "2889dc4391ff5caf2c3bb8cc8d3ae48f97430f24",
        "version" : "1.3.0"
      }
    }
  ],
  "version" : 3
}
