{
  "originHash" : "9865f45f95ab2cc52cb48d86c92ef881a99cb9f67fd320e0a10e3822817f8a81",
  "pins" : [
    {
      "identity" : "swift-mcp-kit",
      "kind" : "remoteSourceControl",
      "location" : "https://github.com/mgcrea/swift-mcp-kit.git",
      "state" : {
        "revision" : "72c2cb2751e8ff912f0c81afa50b8c67e3b53865",
        "version" : "1.1.0"
      }
    }
  ],
  "version" : 3
}
