{
  "originHash" : "e1da302da4aba364796c81aa882b6d5d819f983cf2e4a1133df8036b8c443ee0",
  "pins" : [
    {
      "identity" : "fluidaudio",
      "kind" : "remoteSourceControl",
      "location" : "https://github.com/FluidInference/FluidAudio.git",
      "state" : {
        "revision" : "6428e29186573c6d33c598e25d460e6690bc0ee1"
      }
    },
    {
      "identity" : "swift-mcp-kit",
      "kind" : "remoteSourceControl",
      "location" : "https://github.com/mgcrea/swift-mcp-kit.git",
      "state" : {
        "revision" : "72c2cb2751e8ff912f0c81afa50b8c67e3b53865",
        "version" : "1.1.0"
      }
    },
    {
      "identity" : "swift-support-kit",
      "kind" : "remoteSourceControl",
      "location" : "https://github.com/mgcrea/swift-support-kit.git",
      "state" : {
        "revision" : "93c5a2bd076895a28cb4ac718117fd61b0605da5",
        "version" : "1.5.0"
      }
    }
  ],
  "version" : 3
}
