{
  "originHash" : "2528362acf001c5792e6bbf91a2e40dbf15aefa90b6f4648c58472402ddf1bfa",
  "pins" : [
    {
      "identity" : "fluidaudio",
      "kind" : "remoteSourceControl",
      "location" : "https://github.com/FluidInference/FluidAudio.git",
      "state" : {
        "revision" : "6428e29186573c6d33c598e25d460e6690bc0ee1"
      }
    },
    {
      "identity" : "swift-mcp-kit",
      "kind" : "remoteSourceControl",
      "location" : "https://github.com/mgcrea/swift-mcp-kit.git",
      "state" : {
        "revision" : "2889dc4391ff5caf2c3bb8cc8d3ae48f97430f24",
        "version" : "1.3.0"
      }
    },
    {
      "identity" : "swift-support-kit",
      "kind" : "remoteSourceControl",
      "location" : "https://github.com/mgcrea/swift-support-kit.git",
      "state" : {
        "revision" : "93c5a2bd076895a28cb4ac718117fd61b0605da5",
        "version" : "1.5.0"
      }
    }
  ],
  "version" : 3
}
